hash: 60ca50697a1e510da76bed00e0e0c600659968632eeb0c650c96a80cd183965f
updated: 2016-08-03T17:45:36.796167863+02:00
imports:
- name: github.com/apex/log
  version: 36e14b4bb02493d2d709715247cca7a2ae09e8e1
  subpackages:
  - handlers/text
- name: github.com/Azure/go-ansiterm
  version: 36e14b4bb02493d2d709715247cca7a2ae09e8e1
  subpackages:
  - winterm
- name: github.com/BurntSushi/toml
  version: 99064174e013895bbd9b025c31100bd1d9b590ca
- name: github.com/docker/docker
  version: ""
  subpackages:
  - pkg/mflag
  - pkg/namesgenerator
  - pkg/progress
  - pkg/streamformatter
  - pkg/homedir
  - pkg/random
  - pkg/jsonmessage
  - pkg/jsonlog
  - pkg/term
  - pkg/term/windows
- name: github.com/docker/go-units
  version: 36e14b4bb02493d2d709715247cca7a2ae09e8e1
- name: github.com/dustin/go-humanize
  version: 36e14b4bb02493d2d709715247cca7a2ae09e8e1
- name: github.com/go-yaml/yaml
  version: e4d366fc3c7938e2958e662b4258c7a89e1f0e3e
- name: github.com/golang/protobuf
  version: 36e14b4bb02493d2d709715247cca7a2ae09e8e1
  subpackages:
  - proto
- name: github.com/juju/errors
  version: 36e14b4bb02493d2d709715247cca7a2ae09e8e1
- name: github.com/kr/fs
  version: 36e14b4bb02493d2d709715247cca7a2ae09e8e1
- name: github.com/opencontainers/runc
  version: 36e14b4bb02493d2d709715247cca7a2ae09e8e1
  subpackages:
  - libcontainer/user
- name: github.com/pkg/errors
  version: ""
- name: github.com/pkg/sftp
  version: 36e14b4bb02493d2d709715247cca7a2ae09e8e1
- name: github.com/QuentinPerez/go-encodeUrl
  version: 36e14b4bb02493d2d709715247cca7a2ae09e8e1
- name: github.com/Sirupsen/logrus
  version: ""
- name: github.com/tucnak/store
  version: 84b795be94a4e02b5d92d7ef7490c4ebdb347ddf
- name: golang.org/x/crypto
  version: 36e14b4bb02493d2d709715247cca7a2ae09e8e1
  subpackages:
  - ssh
  - ssh/terminal
  - curve25519
  - ed25519
  - ed25519/internal/edwards25519
- name: golang.org/x/net
  version: 36e14b4bb02493d2d709715247cca7a2ae09e8e1
  subpackages:
  - context
- name: golang.org/x/oauth2
  version: 36e14b4bb02493d2d709715247cca7a2ae09e8e1
  subpackages:
  - internal
- name: google.golang.org/appengine
  version: 36e14b4bb02493d2d709715247cca7a2ae09e8e1
  subpackages:
  - urlfetch
  - internal
  - internal/urlfetch
  - internal/base
  - internal/datastore
  - internal/log
  - internal/remote_api
- name: gopkg.in/cheggaaa/pb.v1
  version: ""
testImports: []
